
Microsoft Visual Studio Solution File, Format Version 12.00
# Visual Studio 15
VisualStudioVersion = 15.0.28307.1525
MinimumVisualStudioVersion = 10.0.40219.1
Project("{FAE04EC0-301F-11D3-BF4B-00C04F79EFBC}") = "Assignment", "Assignment\Assignment.csproj", "{1170C57F-D07E-465D-B44B-71C5868511B3}"
EndProject
Global
	GlobalSection(SolutionConfigurationPlatforms) = preSolution
		Debug|Any CPU = Debug|Any CPU
		Release|Any CPU = Release|Any CPU
	EndGlobalSection
	GlobalSection(ProjectConfigurationPlatforms) = postSolution
		{1170C57F-D07E-465D-B44B-71C5868511B3}.Debug|Any CPU.ActiveCfg = Debug|Any CPU
		{1170C57F-D07E-465D-B44B-71C5868511B3}.Debug|Any CPU.Build.0 = Debug|Any CPU
		{1170C57F-D07E-465D-B44B-71C5868511B3}.Release|Any CPU.ActiveCfg = Release|Any CPU
		{1170C57F-D07E-465D-B44B-71C5868511B3}.Release|Any CPU.Build.0 = Release|Any CPU
	EndGlobalSection
	GlobalSection(SolutionProperties) = preSolution
		HideSolutionNode = FALSE
	EndGlobalSection
	GlobalSection(ExtensibilityGlobals) = postSolution
		SolutionGuid = {678F0FF6-84DC-4B09-B1FD-24CCDC343001}
	EndGlobalSection
EndGlobal
